{
  "version": 4,
  "terraform_version": "1.8.4",
  "serial": 25,
  "lineage": "8b50d77d-2833-481a-8ecc-e6aac409a13e",
  "outputs": {
    "domain_name": {
      "value": "www.nginx-application.co",
      "type": "string"
    },
    "domain_name_output": {
      "value": "www.nginx-application.co",
      "type": "string"
    },
    "s3_bucket_name": {
      "value": "my-personal-web-bucket-1",
      "type": "string"
    },
    "s3_bucket_name_ouput": {
      "value": "my-personal-web-bucket-1",
      "type": "string"
    }
  },
  "resources": [
    {
      "mode": "data",
      "type": "aws_ami",
      "name": "amazon_linux",
      "provider": "provider[\"registry.terraform.io/hashicorp/aws\"]",
      "instances": [
        {
          "schema_version": 0,
          "attributes": {
            "architecture": "x86_64",
            "arn": "arn:aws:ec2:us-west-2::image/ami-0676a735c5f8e67c4",
            "block_device_mappings": [
              {
                "device_name": "/dev/xvda",
                "ebs": {
                  "delete_on_termination": "true",
                  "encrypted": "false",
                  "iops": "0",
                  "snapshot_id": "snap-0c07a089a87b9cbf8",
                  "throughput": "0",
                  "volume_size": "8",
                  "volume_type": "gp2"
                },
                "no_device": "",
                "virtual_name": ""
              }
            ],
            "boot_mode": "",
            "creation_date": "2024-05-30T00:41:48.000Z",
            "deprecation_time": "2025-07-01T00:00:00.000Z",
            "description": "Amazon Linux 2 AMI 2.0.20240529.0 x86_64 HVM gp2",
            "ena_support": true,
            "executable_users": null,
            "filter": [
              {
                "name": "name",
                "values": [
                  "amzn2-ami-hvm-*-x86_64-gp2"
                ]
              }
            ],
            "hypervisor": "xen",
            "id": "ami-0676a735c5f8e67c4",
            "image_id": "ami-0676a735c5f8e67c4",
            "image_location": "amazon/amzn2-ami-hvm-2.0.20240529.0-x86_64-gp2",
            "image_owner_alias": "amazon",
            "image_type": "machine",
            "imds_support": "",
            "include_deprecated": false,
            "kernel_id": "",
            "most_recent": true,
            "name": "amzn2-ami-hvm-2.0.20240529.0-x86_64-gp2",
            "name_regex": null,
            "owner_id": "137112412989",
            "owners": [
              "amazon"
            ],
            "platform": "",
            "platform_details": "Linux/UNIX",
            "product_codes": [],
            "public": true,
            "ramdisk_id": "",
            "root_device_name": "/dev/xvda",
            "root_device_type": "ebs",
            "root_snapshot_id": "snap-0c07a089a87b9cbf8",
            "sriov_net_support": "simple",
            "state": "available",
            "state_reason": {
              "code": "UNSET",
              "message": "UNSET"
            },
            "tags": {},
            "timeouts": null,
            "tpm_support": "",
            "usage_operation": "RunInstances",
            "virtualization_type": "hvm"
          },
          "sensitive_attributes": []
        }
      ]
    },
    {
      "mode": "managed",
      "type": "aws_launch_configuration",
      "name": "web_app_lc",
      "provider": "provider[\"registry.terraform.io/hashicorp/aws\"]",
      "instances": [
        {
          "schema_version": 0,
          "attributes": {
            "arn": "arn:aws:autoscaling:us-west-2:837331643382:launchConfiguration:d548af53-643e-45a5-bc2b-fc36ed78954b:launchConfigurationName/web_app_lc",
            "associate_public_ip_address": false,
            "ebs_block_device": [],
            "ebs_optimized": false,
            "enable_monitoring": true,
            "ephemeral_block_device": [],
            "iam_instance_profile": "",
            "id": "web_app_lc",
            "image_id": "ami-0676a735c5f8e67c4",
            "instance_type": "t2.micro",
            "key_name": "",
            "metadata_options": [],
            "name": "web_app_lc",
            "name_prefix": "",
            "placement_tenancy": "",
            "root_block_device": [],
            "security_groups": null,
            "spot_price": "",
            "user_data": "027227acdca2695d4640c587acaf5aca244f5e54",
            "user_data_base64": null
          },
          "sensitive_attributes": [],
          "private": "bnVsbA==",
          "dependencies": [
            "data.aws_ami.amazon_linux"
          ]
        }
      ]
    },
    {
      "mode": "managed",
      "type": "aws_route53_zone",
      "name": "web_app_zone",
      "provider": "provider[\"registry.terraform.io/hashicorp/aws\"]",
      "instances": [
        {
          "schema_version": 0,
          "attributes": {
            "arn": "arn:aws:route53:::hostedzone/Z07622792USPVHQ9VP1UU",
            "comment": "Managed by Terraform",
            "delegation_set_id": "",
            "force_destroy": false,
            "id": "Z07622792USPVHQ9VP1UU",
            "name": "www.nginx-application.co",
            "name_servers": [
              "ns-1376.awsdns-44.org",
              "ns-1872.awsdns-42.co.uk",
              "ns-262.awsdns-32.com",
              "ns-787.awsdns-34.net"
            ],
            "primary_name_server": "ns-262.awsdns-32.com",
            "tags": {},
            "tags_all": {},
            "vpc": [],
            "zone_id": "Z07622792USPVHQ9VP1UU"
          },
          "sensitive_attributes": [],
          "private": "bnVsbA=="
        }
      ]
    },
    {
      "mode": "managed",
      "type": "aws_s3_bucket",
      "name": "web_app_bucket",
      "provider": "provider[\"registry.terraform.io/hashicorp/aws\"]",
      "instances": [
        {
          "schema_version": 0,
          "attributes": {
            "acceleration_status": "",
            "acl": null,
            "arn": "arn:aws:s3:::my-personal-web-bucket-1",
            "bucket": "my-personal-web-bucket-1",
            "bucket_domain_name": "my-personal-web-bucket-1.s3.amazonaws.com",
            "bucket_prefix": "",
            "bucket_regional_domain_name": "my-personal-web-bucket-1.s3.us-west-2.amazonaws.com",
            "cors_rule": [],
            "force_destroy": false,
            "grant": [
              {
                "id": "cb8a5a7fc84a02888ed792cad3e0be46f7e798e93667e681792ab8efe817ed96",
                "permissions": [
                  "FULL_CONTROL"
                ],
                "type": "CanonicalUser",
                "uri": ""
              }
            ],
            "hosted_zone_id": "Z3BJ6K6RIION7M",
            "id": "my-personal-web-bucket-1",
            "lifecycle_rule": [],
            "logging": [],
            "object_lock_configuration": [],
            "object_lock_enabled": false,
            "policy": "",
            "region": "us-west-2",
            "replication_configuration": [],
            "request_payer": "BucketOwner",
            "server_side_encryption_configuration": [
              {
                "rule": [
                  {
                    "apply_server_side_encryption_by_default": [
                      {
                        "kms_master_key_id": "",
                        "sse_algorithm": "AES256"
                      }
                    ],
                    "bucket_key_enabled": false
                  }
                ]
              }
            ],
            "tags": null,
            "tags_all": {},
            "timeouts": null,
            "versioning": [
              {
                "enabled": false,
                "mfa_delete": false
              }
            ],
            "website": [],
            "website_domain": null,
            "website_endpoint": null
          },
          "sensitive_attributes": [],
          "private": "eyJlMmJmYjczMC1lY2FhLTExZTYtOGY4OC0zNDM2M2JjN2M0YzAiOnsiY3JlYXRlIjoxMjAwMDAwMDAwMDAwLCJkZWxldGUiOjM2MDAwMDAwMDAwMDAsInJlYWQiOjEyMDAwMDAwMDAwMDAsInVwZGF0ZSI6MTIwMDAwMDAwMDAwMH19"
        }
      ]
    },
    {
      "mode": "managed",
      "type": "aws_s3_bucket_lifecycle_configuration",
      "name": "web_app_bucket_lifecycle",
      "provider": "provider[\"registry.terraform.io/hashicorp/aws\"]",
      "instances": [
        {
          "schema_version": 0,
          "attributes": {
            "bucket": "my-personal-web-bucket-1",
            "expected_bucket_owner": "",
            "id": "my-personal-web-bucket-1",
            "rule": [
              {
                "abort_incomplete_multipart_upload": [],
                "expiration": [
                  {
                    "date": "",
                    "days": 365,
                    "expired_object_delete_marker": false
                  }
                ],
                "filter": [
                  {
                    "and": [],
                    "object_size_greater_than": "",
                    "object_size_less_than": "",
                    "prefix": "",
                    "tag": []
                  }
                ],
                "id": "log",
                "noncurrent_version_expiration": [],
                "noncurrent_version_transition": [],
                "prefix": "",
                "status": "Enabled",
                "transition": [
                  {
                    "date": "",
                    "days": 30,
                    "storage_class": "STANDARD_IA"
                  }
                ]
              }
            ],
            "timeouts": null
          },
          "sensitive_attributes": [],
          "private": "eyJlMmJmYjczMC1lY2FhLTExZTYtOGY4OC0zNDM2M2JjN2M0YzAiOnsiY3JlYXRlIjoxODAwMDAwMDAwMDAsInVwZGF0ZSI6MTgwMDAwMDAwMDAwfX0=",
          "dependencies": [
            "aws_s3_bucket.web_app_bucket"
          ]
        }
      ]
    },
    {
      "mode": "managed",
      "type": "aws_s3_bucket_versioning",
      "name": "web_app_bucket_versioning",
      "provider": "provider[\"registry.terraform.io/hashicorp/aws\"]",
      "instances": [
        {
          "schema_version": 0,
          "attributes": {
            "bucket": "my-personal-web-bucket-1",
            "expected_bucket_owner": "",
            "id": "my-personal-web-bucket-1",
            "mfa": null,
            "versioning_configuration": [
              {
                "mfa_delete": "",
                "status": "Enabled"
              }
            ]
          },
          "sensitive_attributes": [],
          "private": "bnVsbA==",
          "dependencies": [
            "aws_s3_bucket.web_app_bucket"
          ]
        }
      ]
    }
  ],
  "check_results": null
}
